// !$*UTF8*$!
{
	archiveVersion = 1;
	classes = {
	};
	objectVersion = 46;
	objects = {

/* Begin PBXBuildFile section */
		983C6903168073BC00FD70A9 /* Cocoa.framework in Frameworks */ = {isa = PBXBuildFile; fileRef = 983C6902168073BC00FD70A9 /* Cocoa.framework */; };
		983C690D168073BC00FD70A9 /* InfoPlist.strings in Resources */ = {isa = PBXBuildFile; fileRef = 983C690B168073BC00FD70A9 /* InfoPlist.strings */; };
		983C690F168073BC00FD70A9 /* main.m in Sources */ = {isa = PBXBuildFile; fileRef = 983C690E168073BC00FD70A9 /* main.m */; };
		983C6913168073BC00FD70A9 /* Credits.rtf in Resources */ = {isa = PBXBuildFile; fileRef = 983C6911168073BC00FD70A9 /* Credits.rtf */; };
		983C6919168073BC00FD70A9 /* MainMenu.xib in Resources */ = {isa = PBXBuildFile; fileRef = 983C6917168073BC00FD70A9 /* MainMenu.xib */; };
		98A095881680743900711EDE /* AppearancePreferences.tiff in Resources */ = {isa = PBXBuildFile; fileRef = 98A095711680743900711EDE /* AppearancePreferences.tiff */; };
		98A0958E1680743900711EDE /* GeneralPreferences.tiff in Resources */ = {isa = PBXBuildFile; fileRef = 98A0957D1680743900711EDE /* GeneralPreferences.tiff */; };
		98A0958F1680743900711EDE /* HelloPolyNGAppDelegate.m in Sources */ = {isa = PBXBuildFile; fileRef = 98A0957F1680743900711EDE /* HelloPolyNGAppDelegate.m */; };
		98A095901680743900711EDE /* MainWindowController.m in Sources */ = {isa = PBXBuildFile; fileRef = 98A095811680743900711EDE /* MainWindowController.m */; };
		98A095911680743900711EDE /* PolygonShape.m in Sources */ = {isa = PBXBuildFile; fileRef = 98A095831680743900711EDE /* PolygonShape.m */; };
		98A095921680743900711EDE /* PolygonView.m in Sources */ = {isa = PBXBuildFile; fileRef = 98A095851680743900711EDE /* PolygonView.m */; };
		98A095931680743900711EDE /* PreferencesController.m in Sources */ = {isa = PBXBuildFile; fileRef = 98A095871680743900711EDE /* PreferencesController.m */; };
		98FBB3F816807533003A3A30 /* MainWindow.xib in Resources */ = {isa = PBXBuildFile; fileRef = 98FBB3F416807533003A3A30 /* MainWindow.xib */; };
		98FBB3F916807533003A3A30 /* PreferencesWindow.xib in Resources */ = {isa = PBXBuildFile; fileRef = 98FBB3F616807533003A3A30 /* PreferencesWindow.xib */; };
		98FBB3FF16807582003A3A30 /* QuartzCore.framework in Frameworks */ = {isa = PBXBuildFile; fileRef = 98FBB3FE16807582003A3A30 /* QuartzCore.framework */; };
/* End PBXBuildFile section */

/* Begin PBXFileReference section */
		983C68FE168073BC00FD70A9 /* HelloPoly.app */ = {isa = PBXFileReference; explicitFileType = wrapper.application; includeInIndex = 0; path = HelloPoly.app; sourceTree = BUILT_PRODUCTS_DIR; };
		983C6902168073BC00FD70A9 /* Cocoa.framework */ = {isa = PBXFileReference; lastKnownFileType = wrapper.framework; name = Cocoa.framework; path = System/Library/Frameworks/Cocoa.framework; sourceTree = SDKROOT; };
		983C6905168073BC00FD70A9 /* AppKit.framework */ = {isa = PBXFileReference; lastKnownFileType = wrapper.framework; name = AppKit.framework; path = System/Library/Frameworks/AppKit.framework; sourceTree = SDKROOT; };
		983C6906168073BC00FD70A9 /* CoreData.framework */ = {isa = PBXFileReference; lastKnownFileType = wrapper.framework; name = CoreData.framework; path = System/Library/Frameworks/CoreData.framework; sourceTree = SDKROOT; };
		983C6907168073BC00FD70A9 /* Foundation.framework */ = {isa = PBXFileReference; lastKnownFileType = wrapper.framework; name = Foundation.framework; path = System/Library/Frameworks/Foundation.framework; sourceTree = SDKROOT; };
		983C690A168073BC00FD70A9 /* HelloPoly-Info.plist */ = {isa = PBXFileReference; lastKnownFileType = text.plist.xml; path = "HelloPoly-Info.plist"; sourceTree = "<group>"; };
		983C690C168073BC00FD70A9 /* en */ = {isa = PBXFileReference; lastKnownFileType = text.plist.strings; name = en; path = en.lproj/InfoPlist.strings; sourceTree = "<group>"; };
		983C690E168073BC00FD70A9 /* main.m */ = {isa = PBXFileReference; lastKnownFileType = sourcecode.c.objc; path = main.m; sourceTree = "<group>"; };
		983C6910168073BC00FD70A9 /* HelloPoly-Prefix.pch */ = {isa = PBXFileReference; lastKnownFileType = sourcecode.c.h; path = "HelloPoly-Prefix.pch"; sourceTree = "<group>"; };
		983C6912168073BC00FD70A9 /* en */ = {isa = PBXFileReference; lastKnownFileType = text.rtf; name = en; path = en.lproj/Credits.rtf; sourceTree = "<group>"; };
		983C6918168073BC00FD70A9 /* en */ = {isa = PBXFileReference; lastKnownFileType = file.xib; name = en; path = en.lproj/MainMenu.xib; sourceTree = "<group>"; };
		98A095711680743900711EDE /* AppearancePreferences.tiff */ = {isa = PBXFileReference; lastKnownFileType = image.tiff; name = AppearancePreferences.tiff; path = HelloPoly/AppearancePreferences.tiff; sourceTree = "<group>"; };
		98A0957D1680743900711EDE /* GeneralPreferences.tiff */ = {isa = PBXFileReference; lastKnownFileType = image.tiff; name = GeneralPreferences.tiff; path = HelloPoly/GeneralPreferences.tiff; sourceTree = "<group>"; };
		98A0957E1680743900711EDE /* HelloPolyNGAppDelegate.h */ = {isa = PBXFileReference; fileEncoding = 4; lastKnownFileType = sourcecode.c.h; path = HelloPolyNGAppDelegate.h; sourceTree = "<group>"; };
		98A0957F1680743900711EDE /* HelloPolyNGAppDelegate.m */ = {isa = PBXFileReference; fileEncoding = 4; lastKnownFileType = sourcecode.c.objc; path = HelloPolyNGAppDelegate.m; sourceTree = "<group>"; };
		98A095801680743900711EDE /* MainWindowController.h */ = {isa = PBXFileReference; fileEncoding = 4; lastKnownFileType = sourcecode.c.h; path = MainWindowController.h; sourceTree = "<group>"; };
		98A095811680743900711EDE /* MainWindowController.m */ = {isa = PBXFileReference; fileEncoding = 4; lastKnownFileType = sourcecode.c.objc; path = MainWindowController.m; sourceTree = "<group>"; };
		98A095821680743900711EDE /* PolygonShape.h */ = {isa = PBXFileReference; fileEncoding = 4; lastKnownFileType = sourcecode.c.h; path = PolygonShape.h; sourceTree = "<group>"; };
		98A095831680743900711EDE /* PolygonShape.m */ = {isa = PBXFileReference; fileEncoding = 4; lastKnownFileType = sourcecode.c.objc; path = PolygonShape.m; sourceTree = "<group>"; };
		98A095841680743900711EDE /* PolygonView.h */ = {isa = PBXFileReference; fileEncoding = 4; lastKnownFileType = sourcecode.c.h; path = PolygonView.h; sourceTree = "<group>"; };
		98A095851680743900711EDE /* PolygonView.m */ = {isa = PBXFileReference; fileEncoding = 4; lastKnownFileType = sourcecode.c.objc; path = PolygonView.m; sourceTree = "<group>"; };
		98A095861680743900711EDE /* PreferencesController.h */ = {isa = PBXFileReference; fileEncoding = 4; lastKnownFileType = sourcecode.c.h; path = PreferencesController.h; sourceTree = "<group>"; };
		98A095871680743900711EDE /* PreferencesController.m */ = {isa = PBXFileReference; fileEncoding = 4; lastKnownFileType = sourcecode.c.objc; path = PreferencesController.m; sourceTree = "<group>"; };
		98FBB3F516807533003A3A30 /* en */ = {isa = PBXFileReference; lastKnownFileType = file.xib; name = en; path = en.lproj/MainWindow.xib; sourceTree = "<group>"; };
		98FBB3F716807533003A3A30 /* en */ = {isa = PBXFileReference; lastKnownFileType = file.xib; name = en; path = en.lproj/PreferencesWindow.xib; sourceTree = "<group>"; };
		98FBB3FE16807582003A3A30 /* QuartzCore.framework */ = {isa = PBXFileReference; lastKnownFileType = wrapper.framework; name = QuartzCore.framework; path = System/Library/Frameworks/QuartzCore.framework; sourceTree = SDKROOT; };
/* End PBXFileReference section */

/* Begin PBXFrameworksBuildPhase section */
		983C68FB168073BC00FD70A9 /* Frameworks */ = {
			isa = PBXFrameworksBuildPhase;
			buildActionMask = 2147483647;
			files = (
				98FBB3FF16807582003A3A30 /* QuartzCore.framework in Frameworks */,
				983C6903168073BC00FD70A9 /* Cocoa.framework in Frameworks */,
			);
			runOnlyForDeploymentPostprocessing = 0;
		};
/* End PBXFrameworksBuildPhase section */

/* Begin PBXGroup section */
		983C68F3168073BB00FD70A9 = {
			isa = PBXGroup;
			children = (
				98FBB3FE16807582003A3A30 /* QuartzCore.framework */,
				98A095711680743900711EDE /* AppearancePreferences.tiff */,
				98A0957D1680743900711EDE /* GeneralPreferences.tiff */,
				983C6908168073BC00FD70A9 /* HelloPoly */,
				983C6901168073BC00FD70A9 /* Frameworks */,
				983C68FF168073BC00FD70A9 /* Products */,
			);
			sourceTree = "<group>";
		};
		983C68FF168073BC00FD70A9 /* Products */ = {
			isa = PBXGroup;
			children = (
				983C68FE168073BC00FD70A9 /* HelloPoly.app */,
			);
			name = Products;
			sourceTree = "<group>";
		};
		983C6901168073BC00FD70A9 /* Frameworks */ = {
			isa = PBXGroup;
			children = (
				983C6902168073BC00FD70A9 /* Cocoa.framework */,
				983C6904168073BC00FD70A9 /* Other Frameworks */,
			);
			name = Frameworks;
			sourceTree = "<group>";
		};
		983C6904168073BC00FD70A9 /* Other Frameworks */ = {
			isa = PBXGroup;
			children = (
				983C6905168073BC00FD70A9 /* AppKit.framework */,
				983C6906168073BC00FD70A9 /* CoreData.framework */,
				983C6907168073BC00FD70A9 /* Foundation.framework */,
			);
			name = "Other Frameworks";
			sourceTree = "<group>";
		};
		983C6908168073BC00FD70A9 /* HelloPoly */ = {
			isa = PBXGroup;
			children = (
				98A095821680743900711EDE /* PolygonShape.h */,
				98A095831680743900711EDE /* PolygonShape.m */,
				98A0957E1680743900711EDE /* HelloPolyNGAppDelegate.h */,
				98A0957F1680743900711EDE /* HelloPolyNGAppDelegate.m */,
				98A095801680743900711EDE /* MainWindowController.h */,
				98A095811680743900711EDE /* MainWindowController.m */,
				98A095841680743900711EDE /* PolygonView.h */,
				98A095851680743900711EDE /* PolygonView.m */,
				98A095861680743900711EDE /* PreferencesController.h */,
				98A095871680743900711EDE /* PreferencesController.m */,
				983C6917168073BC00FD70A9 /* MainMenu.xib */,
				98FBB3F416807533003A3A30 /* MainWindow.xib */,
				98FBB3F616807533003A3A30 /* PreferencesWindow.xib */,
				983C6909168073BC00FD70A9 /* Supporting Files */,
			);
			path = HelloPoly;
			sourceTree = "<group>";
		};
		983C6909168073BC00FD70A9 /* Supporting Files */ = {
			isa = PBXGroup;
			children = (
				983C690A168073BC00FD70A9 /* HelloPoly-Info.plist */,
				983C690B168073BC00FD70A9 /* InfoPlist.strings */,
				983C690E168073BC00FD70A9 /* main.m */,
				983C6910168073BC00FD70A9 /* HelloPoly-Prefix.pch */,
				983C6911168073BC00FD70A9 /* Credits.rtf */,
			);
			name = "Supporting Files";
			sourceTree = "<group>";
		};
/* End PBXGroup section */

/* Begin PBXNativeTarget section */
		983C68FD168073BC00FD70A9 /* HelloPoly */ = {
			isa = PBXNativeTarget;
			buildConfigurationList = 983C691C168073BC00FD70A9 /* Build configuration list for PBXNativeTarget "HelloPoly" */;
			buildPhases = (
				983C68FA168073BC00FD70A9 /* Sources */,
				983C68FB168073BC00FD70A9 /* Frameworks */,
				983C68FC168073BC00FD70A9 /* Resources */,
			);
			buildRules = (
			);
			dependencies = (
			);
			name = HelloPoly;
			productName = HelloPoly;
			productReference = 983C68FE168073BC00FD70A9 /* HelloPoly.app */;
			productType = "com.apple.product-type.application";
		};
/* End PBXNativeTarget section */

/* Begin PBXProject section */
		983C68F5168073BB00FD70A9 /* Project object */ = {
			isa = PBXProject;
			attributes = {
				LastUpgradeCheck = 0420;
			};
			buildConfigurationList = 983C68F8168073BB00FD70A9 /* Build configuration list for PBXProject "HelloPoly" */;
			compatibilityVersion = "Xcode 3.2";
			developmentRegion = English;
			hasScannedForEncodings = 0;
			knownRegions = (
				en,
			);
			mainGroup = 983C68F3168073BB00FD70A9;
			productRefGroup = 983C68FF168073BC00FD70A9 /* Products */;
			projectDirPath = "";
			projectRoot = "";
			targets = (
				983C68FD168073BC00FD70A9 /* HelloPoly */,
			);
		};
/* End PBXProject section */

/* Begin PBXResourcesBuildPhase section */
		983C68FC168073BC00FD70A9 /* Resources */ = {
			isa = PBXResourcesBuildPhase;
			buildActionMask = 2147483647;
			files = (
				983C690D168073BC00FD70A9 /* InfoPlist.strings in Resources */,
				983C6913168073BC00FD70A9 /* Credits.rtf in Resources */,
				983C6919168073BC00FD70A9 /* MainMenu.xib in Resources */,
				98A095881680743900711EDE /* AppearancePreferences.tiff in Resources */,
				98A0958E1680743900711EDE /* GeneralPreferences.tiff in Resources */,
				98FBB3F816807533003A3A30 /* MainWindow.xib in Resources */,
				98FBB3F916807533003A3A30 /* PreferencesWindow.xib in Resources */,
			);
			runOnlyForDeploymentPostprocessing = 0;
		};
/* End PBXResourcesBuildPhase section */

/* Begin PBXSourcesBuildPhase section */
		983C68FA168073BC00FD70A9 /* Sources */ = {
			isa = PBXSourcesBuildPhase;
			buildActionMask = 2147483647;
			files = (
				983C690F168073BC00FD70A9 /* main.m in Sources */,
				98A0958F1680743900711EDE /* HelloPolyNGAppDelegate.m in Sources */,
				98A095901680743900711EDE /* MainWindowController.m in Sources */,
				98A095911680743900711EDE /* PolygonShape.m in Sources */,
				98A095921680743900711EDE /* PolygonView.m in Sources */,
				98A095931680743900711EDE /* PreferencesController.m in Sources */,
			);
			runOnlyForDeploymentPostprocessing = 0;
		};
/* End PBXSourcesBuildPhase section */

/* Begin PBXVariantGroup section */
		983C690B168073BC00FD70A9 /* InfoPlist.strings */ = {
			isa = PBXVariantGroup;
			children = (
				983C690C168073BC00FD70A9 /* en */,
			);
			name = InfoPlist.strings;
			sourceTree = "<group>";
		};
		983C6911168073BC00FD70A9 /* Credits.rtf */ = {
			isa = PBXVariantGroup;
			children = (
				983C6912168073BC00FD70A9 /* en */,
			);
			name = Credits.rtf;
			sourceTree = "<group>";
		};
		983C6917168073BC00FD70A9 /* MainMenu.xib */ = {
			isa = PBXVariantGroup;
			children = (
				983C6918168073BC00FD70A9 /* en */,
			);
			name = MainMenu.xib;
			sourceTree = "<group>";
		};
		98FBB3F416807533003A3A30 /* MainWindow.xib */ = {
			isa = PBXVariantGroup;
			children = (
				98FBB3F516807533003A3A30 /* en */,
			);
			name = MainWindow.xib;
			sourceTree = "<group>";
		};
		98FBB3F616807533003A3A30 /* PreferencesWindow.xib */ = {
			isa = PBXVariantGroup;
			children = (
				98FBB3F716807533003A3A30 /* en */,
			);
			name = PreferencesWindow.xib;
			sourceTree = "<group>";
		};
/* End PBXVariantGroup section */

/* Begin XCBuildConfiguration section */
		983C691A168073BC00FD70A9 /* Debug */ = {
			isa = XCBuildConfiguration;
			buildSettings = {
				ALWAYS_SEARCH_USER_PATHS = NO;
				ARCHS = "$(ARCHS_STANDARD_64_BIT)";
				COPY_PHASE_STRIP = NO;
				GCC_C_LANGUAGE_STANDARD = gnu99;
				GCC_DYNAMIC_NO_PIC = NO;
				GCC_ENABLE_OBJC_EXCEPTIONS = YES;
				GCC_OPTIMIZATION_LEVEL = 0;
				GCC_PREPROCESSOR_DEFINITIONS = (
					"DEBUG=1",
					"$(inherited)",
				);
				GCC_SYMBOLS_PRIVATE_EXTERN = NO;
				GCC_VERSION = com.apple.compilers.llvm.clang.1_0;
				GCC_WARN_64_TO_32_BIT_CONVERSION = YES;
				GCC_WARN_ABOUT_MISSING_PROTOTYPES = YES;
				GCC_WARN_ABOUT_RETURN_TYPE = YES;
				GCC_WARN_UNUSED_VARIABLE = YES;
				MACOSX_DEPLOYMENT_TARGET = 10.6;
				ONLY_ACTIVE_ARCH = YES;
				SDKROOT = macosx;
			};
			name = Debug;
		};
		983C691B168073BC00FD70A9 /* Release */ = {
			isa = XCBuildConfiguration;
			buildSettings = {
				ALWAYS_SEARCH_USER_PATHS = NO;
				ARCHS = "$(ARCHS_STANDARD_64_BIT)";
				COPY_PHASE_STRIP = YES;
				DEBUG_INFORMATION_FORMAT = "dwarf-with-dsym";
				GCC_C_LANGUAGE_STANDARD = gnu99;
				GCC_ENABLE_OBJC_EXCEPTIONS = YES;
				GCC_VERSION = com.apple.compilers.llvm.clang.1_0;
				GCC_WARN_64_TO_32_BIT_CONVERSION = YES;
				GCC_WARN_ABOUT_MISSING_PROTOTYPES = YES;
				GCC_WARN_ABOUT_RETURN_TYPE = YES;
				GCC_WARN_UNUSED_VARIABLE = YES;
				MACOSX_DEPLOYMENT_TARGET = 10.6;
				SDKROOT = macosx;
			};
			name = Release;
		};
		983C691D168073BC00FD70A9 /* Debug */ = {
			isa = XCBuildConfiguration;
			buildSettings = {
				GCC_PRECOMPILE_PREFIX_HEADER = YES;
				GCC_PREFIX_HEADER = "HelloPoly/HelloPoly-Prefix.pch";
				INFOPLIST_FILE = "HelloPoly/HelloPoly-Info.plist";
				PRODUCT_NAME = "$(TARGET_NAME)";
				WRAPPER_EXTENSION = app;
			};
			name = Debug;
		};
		983C691E168073BC00FD70A9 /* Release */ = {
			isa = XCBuildConfiguration;
			buildSettings = {
				GCC_PRECOMPILE_PREFIX_HEADER = YES;
				GCC_PREFIX_HEADER = "HelloPoly/HelloPoly-Prefix.pch";
				INFOPLIST_FILE = "HelloPoly/HelloPoly-Info.plist";
				PRODUCT_NAME = "$(TARGET_NAME)";
				WRAPPER_EXTENSION = app;
			};
			name = Release;
		};
/* End XCBuildConfiguration section */

/* Begin XCConfigurationList section */
		983C68F8168073BB00FD70A9 /* Build configuration list for PBXProject "HelloPoly" */ = {
			isa = XCConfigurationList;
			buildConfigurations = (
				983C691A168073BC00FD70A9 /* Debug */,
				983C691B168073BC00FD70A9 /* Release */,
			);
			defaultConfigurationIsVisible = 0;
			defaultConfigurationName = Release;
		};
		983C691C168073BC00FD70A9 /* Build configuration list for PBXNativeTarget "HelloPoly" */ = {
			isa = XCConfigurationList;
			buildConfigurations = (
				983C691D168073BC00FD70A9 /* Debug */,
				983C691E168073BC00FD70A9 /* Release */,
			);
			defaultConfigurationIsVisible = 0;
			defaultConfigurationName = Release;
		};
/* End XCConfigurationList section */
	};
	rootObject = 983C68F5168073BB00FD70A9 /* Project object */;
}
